
Microsoft Visual Studio Solution File, Format Version 12.00
# Visual Studio Version 17
VisualStudioVersion = 17.10.35027.167
MinimumVisualStudioVersion = 10.0.40219.1
Project("{9A19103F-16F7-4668-BE54-9A1E7A4F7556}") = "DentalHealthApp", "DentalHealthApp\DentalHealthApp.csproj", "{7E01D0BB-8497-4353-8E9A-5D7F8384C80B}"
EndProject
Project("{9A19103F-16F7-4668-BE54-9A1E7A4F7556}") = "EntityLayer", "EntityLayer\EntityLayer.csproj", "{77A3CB16-D9D4-42D4-80DC-7C29E3C5D129}"
EndProject
Project("{9A19103F-16F7-4668-BE54-9A1E7A4F7556}") = "DataAccessLayer", "DataAccessLayer\DataAccessLayer.csproj", "{364CFDC1-4A55-42A6-9633-0984EB9FAC61}"
EndProject
Project("{9A19103F-16F7-4668-BE54-9A1E7A4F7556}") = "BusinessLayer", "BusinessLayer\BusinessLayer.csproj", "{1B75EB29-F8D9-4C13-8F80-76542C7092F4}"
EndProject
Global
	GlobalSection(SolutionConfigurationPlatforms) = preSolution
		Debug|Any CPU = Debug|Any CPU
		Release|Any CPU = Release|Any CPU
	EndGlobalSection
	GlobalSection(ProjectConfigurationPlatforms) = postSolution
		{7E01D0BB-8497-4353-8E9A-5D7F8384C80B}.Debug|Any CPU.ActiveCfg = Debug|Any CPU
		{7E01D0BB-8497-4353-8E9A-5D7F8384C80B}.Debug|Any CPU.Build.0 = Debug|Any CPU
		{7E01D0BB-8497-4353-8E9A-5D7F8384C80B}.Release|Any CPU.ActiveCfg = Release|Any CPU
		{7E01D0BB-8497-4353-8E9A-5D7F8384C80B}.Release|Any CPU.Build.0 = Release|Any CPU
		{77A3CB16-D9D4-42D4-80DC-7C29E3C5D129}.Debug|Any CPU.ActiveCfg = Debug|Any CPU
		{77A3CB16-D9D4-42D4-80DC-7C29E3C5D129}.Debug|Any CPU.Build.0 = Debug|Any CPU
		{77A3CB16-D9D4-42D4-80DC-7C29E3C5D129}.Release|Any CPU.ActiveCfg = Release|Any CPU
		{77A3CB16-D9D4-42D4-80DC-7C29E3C5D129}.Release|Any CPU.Build.0 = Release|Any CPU
		{364CFDC1-4A55-42A6-9633-0984EB9FAC61}.Debug|Any CPU.ActiveCfg = Debug|Any CPU
		{364CFDC1-4A55-42A6-9633-0984EB9FAC61}.Debug|Any CPU.Build.0 = Debug|Any CPU
		{364CFDC1-4A55-42A6-9633-0984EB9FAC61}.Release|Any CPU.ActiveCfg = Release|Any CPU
		{364CFDC1-4A55-42A6-9633-0984EB9FAC61}.Release|Any CPU.Build.0 = Release|Any CPU
		{1B75EB29-F8D9-4C13-8F80-76542C7092F4}.Debug|Any CPU.ActiveCfg = Debug|Any CPU
		{1B75EB29-F8D9-4C13-8F80-76542C7092F4}.Debug|Any CPU.Build.0 = Debug|Any CPU
		{1B75EB29-F8D9-4C13-8F80-76542C7092F4}.Release|Any CPU.ActiveCfg = Release|Any CPU
		{1B75EB29-F8D9-4C13-8F80-76542C7092F4}.Release|Any CPU.Build.0 = Release|Any CPU
	EndGlobalSection
	GlobalSection(SolutionProperties) = preSolution
		HideSolutionNode = FALSE
	EndGlobalSection
	GlobalSection(ExtensibilityGlobals) = postSolution
		SolutionGuid = {0189EBDA-354C-4A03-AC60-07D9CDFDEBA0}
	EndGlobalSection
EndGlobal
